<?xml version="1.0" encoding="utf-8"?>
<Project ToolsVersion="4.0" xmlns="http://schemas.microsoft.com/developer/msbuild/2003">
  <ItemGroup>
    <Filter Include="Source Files">
      <UniqueIdentifier>{ad446d54-2146-4b77-bfd4-eb4fb4519efd}</UniqueIdentifier>
      <Extensions>cpp;c;cxx;rc;def;r;odl;idl;hpj;bat</Extensions>
    </Filter>
    <Filter Include="Header Files">
      <UniqueIdentifier>{a38b811d-9b9f-4c44-9c12-220697a14cb8}</UniqueIdentifier>
      <Extensions>h;hpp;hxx;hm;inl</Extensions>
    </Filter>
    <Filter Include="BaseObjects">
      <UniqueIdentifier>{97658e28-370d-4c76-a0da-c79ccb0a3622}</UniqueIdentifier>
    </Filter>
    <Filter Include="misc">
      <UniqueIdentifier>{fc44c0d2-e23d-40d3-9207-4fd74d2efabb}</UniqueIdentifier>
    </Filter>
    <Filter Include="GeometryManager">
      <UniqueIdentifier>{7d03f4d0-23b0-460b-b4b9-c23f41ac9f35}</UniqueIdentifier>
    </Filter>
    <Filter Include="COM Interface">
      <UniqueIdentifier>{f8b057cb-136e-4930-815e-904ed9172674}</UniqueIdentifier>
    </Filter>
    <Filter Include="SkyMesh">
      <UniqueIdentifier>{5bf8e34a-1827-4426-84a5-d7f854b3081a}</UniqueIdentifier>
    </Filter>
    <Filter Include="base component">
      <UniqueIdentifier>{af3a65db-fc48-499a-b910-bb738c6d9860}</UniqueIdentifier>
    </Filter>
    <Filter Include="base component\StaticModel">
      <UniqueIdentifier>{5534f709-516f-469b-9ab1-29965bd70d8e}</UniqueIdentifier>
    </Filter>
    <Filter Include="base component\HeightField">
      <UniqueIdentifier>{c25d27d7-84a3-4e76-b606-687da9b8b75c}</UniqueIdentifier>
    </Filter>
    <Filter Include="base component\motion">
      <UniqueIdentifier>{cc6540ec-a5be-4f52-b7f3-c6716b74df43}</UniqueIdentifier>
    </Filter>
    <Filter Include="base component\model">
      <UniqueIdentifier>{86f0b381-213a-47a8-987a-c590af25e07c}</UniqueIdentifier>
    </Filter>
    <Filter Include="base component\MaterialLib">
      <UniqueIdentifier>{55a69cd1-9524-41b4-b740-537862794454}</UniqueIdentifier>
    </Filter>
    <Filter Include="base component\CollisionStaticModel">
      <UniqueIdentifier>{b8ad4c9c-e2e4-442b-bb22-bdd337eceb24}</UniqueIdentifier>
    </Filter>
    <Filter Include="base component\CollisionStaticModel\충돌">
      <UniqueIdentifier>{d27a782f-ef65-42ce-a8cc-b4dd628743c9}</UniqueIdentifier>
    </Filter>
    <Filter Include="Resource Files">
      <UniqueIdentifier>{b8ea55eb-ae8f-4e1d-b09e-661b08716afc}</UniqueIdentifier>
      <Extensions>ico;cur;bmp;dlg;rc2;rct;bin;rgs;gif;jpg;jpeg;jpe</Extensions>
    </Filter>
  </ItemGroup>
  <ItemGroup>
    <None Include="4DyuchiGXGEOMETRY.def">
      <Filter>Source Files</Filter>
    </None>
    <None Include="..\4DyuchiGRX_common\math.inl">
      <Filter>misc</Filter>
    </None>
  </ItemGroup>
  <ItemGroup>
    <ClCompile Include="dllmain.cpp">
      <Filter>Source Files</Filter>
    </ClCompile>
    <ClCompile Include="factory.cpp">
      <Filter>Source Files</Filter>
    </ClCompile>
    <ClCompile Include="geometry_global.cpp">
      <Filter>Source Files</Filter>
    </ClCompile>
    <ClCompile Include="bone_object.cpp">
      <Filter>BaseObjects</Filter>
    </ClCompile>
    <ClCompile Include="camera_obj.cpp">
      <Filter>BaseObjects</Filter>
    </ClCompile>
    <ClCompile Include="face_group.cpp">
      <Filter>BaseObjects</Filter>
    </ClCompile>
    <ClCompile Include="geom_obj.cpp">
      <Filter>BaseObjects</Filter>
    </ClCompile>
    <ClCompile Include="light_obj.cpp">
      <Filter>BaseObjects</Filter>
    </ClCompile>
    <ClCompile Include="LightTexture.cpp">
      <Filter>BaseObjects</Filter>
    </ClCompile>
    <ClCompile Include="material.cpp">
      <Filter>BaseObjects</Filter>
    </ClCompile>
    <ClCompile Include="MaterialList.cpp">
      <Filter>BaseObjects</Filter>
    </ClCompile>
    <ClCompile Include="object.cpp">
      <Filter>BaseObjects</Filter>
    </ClCompile>
    <ClCompile Include="Physique.cpp">
      <Filter>BaseObjects</Filter>
    </ClCompile>
    <ClCompile Include="bintree.cpp">
      <Filter>misc</Filter>
    </ClCompile>
    <ClCompile Include="SimpleMemoryPool.cpp">
      <Filter>misc</Filter>
    </ClCompile>
    <ClCompile Include="CoGeometry.cpp">
      <Filter>GeometryManager</Filter>
    </ClCompile>
    <ClCompile Include="ModelRefManager.cpp">
      <Filter>GeometryManager</Filter>
    </ClCompile>
    <ClCompile Include="SkyMesh.cpp">
      <Filter>SkyMesh</Filter>
    </ClCompile>
    <ClCompile Include="CoStaticModel.cpp">
      <Filter>base component\StaticModel</Filter>
    </ClCompile>
    <ClCompile Include="HeightField.cpp">
      <Filter>base component\HeightField</Filter>
    </ClCompile>
    <ClCompile Include="HFieldObject.cpp">
      <Filter>base component\HeightField</Filter>
    </ClCompile>
    <ClCompile Include="HFieldTools.cpp">
      <Filter>base component\HeightField</Filter>
    </ClCompile>
    <ClCompile Include="MeshQuadTree.cpp">
      <Filter>base component\HeightField</Filter>
    </ClCompile>
    <ClCompile Include="TileObject.cpp">
      <Filter>base component\HeightField</Filter>
    </ClCompile>
    <ClCompile Include="MOTION.CPP">
      <Filter>base component\motion</Filter>
    </ClCompile>
    <ClCompile Include="motion_obj.cpp">
      <Filter>base component\motion</Filter>
    </ClCompile>
    <ClCompile Include="model.cpp">
      <Filter>base component\model</Filter>
    </ClCompile>
    <ClCompile Include="MaterialLib.cpp">
      <Filter>base component\MaterialLib</Filter>
    </ClCompile>
    <ClCompile Include="CollisionMeshObjectTree.cpp">
      <Filter>base component\CollisionStaticModel</Filter>
    </ClCompile>
    <ClCompile Include="CollisionStaticModel.cpp">
      <Filter>base component\CollisionStaticModel</Filter>
    </ClCompile>
    <ClCompile Include="colmeshobj.cpp">
      <Filter>base component\CollisionStaticModel</Filter>
    </ClCompile>
    <ClCompile Include="SearchGrid.cpp">
      <Filter>base component\CollisionStaticModel</Filter>
    </ClCompile>
    <ClCompile Include="SearchGridTree.cpp">
      <Filter>base component\CollisionStaticModel</Filter>
    </ClCompile>
    <ClCompile Include="..\4DYUCHIGRX_MYSELF97\CheckClock.cpp">
      <Filter>base component\CollisionStaticModel\충돌</Filter>
    </ClCompile>
    <ClCompile Include="..\4DyuchiGRX_myself97\CollisionTest\CollisionTestMovingEllipsoidMeetTriangle.cpp">
      <Filter>base component\CollisionStaticModel\충돌</Filter>
    </ClCompile>
    <ClCompile Include="..\4DyuchiGRX_myself97\CollisionTest\CollisionTestMovingSphereMeetTriangle.cpp">
      <Filter>base component\CollisionStaticModel\충돌</Filter>
    </ClCompile>
    <ClCompile Include="..\4DyuchiGRX_myself97\Myself97Common.cpp">
      <Filter>base component\CollisionStaticModel\충돌</Filter>
    </ClCompile>
  </ItemGroup>
  <ItemGroup>
    <ResourceCompile Include="Script1.rc">
      <Filter>Source Files</Filter>
    </ResourceCompile>
  </ItemGroup>
  <ItemGroup>
    <ClInclude Include="factory.h">
      <Filter>Header Files</Filter>
    </ClInclude>
    <ClInclude Include="geometry_global.h">
      <Filter>Header Files</Filter>
    </ClInclude>
    <ClInclude Include="global_variable.h">
      <Filter>Header Files</Filter>
    </ClInclude>
    <ClInclude Include="resource.h">
      <Filter>Header Files</Filter>
    </ClInclude>
    <ClInclude Include="..\4DyuchiGRX_common\StdAfx.h">
      <Filter>Header Files</Filter>
    </ClInclude>
    <ClInclude Include="bone_object.h">
      <Filter>BaseObjects</Filter>
    </ClInclude>
    <ClInclude Include="camera_obj.h">
      <Filter>BaseObjects</Filter>
    </ClInclude>
    <ClInclude Include="face_group.h">
      <Filter>BaseObjects</Filter>
    </ClInclude>
    <ClInclude Include="geom_obj.h">
      <Filter>BaseObjects</Filter>
    </ClInclude>
    <ClInclude Include="light_obj.h">
      <Filter>BaseObjects</Filter>
    </ClInclude>
    <ClInclude Include="LightTexture.h">
      <Filter>BaseObjects</Filter>
    </ClInclude>
    <ClInclude Include="material.h">
      <Filter>BaseObjects</Filter>
    </ClInclude>
    <ClInclude Include="MaterialList.h">
      <Filter>BaseObjects</Filter>
    </ClInclude>
    <ClInclude Include="object.h">
      <Filter>BaseObjects</Filter>
    </ClInclude>
    <ClInclude Include="Physique.h">
      <Filter>BaseObjects</Filter>
    </ClInclude>
    <ClInclude Include="bintree.h">
      <Filter>misc</Filter>
    </ClInclude>
    <ClInclude Include="..\4DyuchiGXGFunc\global.h">
      <Filter>misc</Filter>
    </ClInclude>
    <ClInclude Include="..\4DyuchiGRX_common\mesh_flag.h">
      <Filter>misc</Filter>
    </ClInclude>
    <ClInclude Include="..\4DyuchiGRX_common\motion_flag.h">
      <Filter>misc</Filter>
    </ClInclude>
    <ClInclude Include="RenderType.h">
      <Filter>misc</Filter>
    </ClInclude>
    <ClInclude Include="SImpleMemoryPool.h">
      <Filter>misc</Filter>
    </ClInclude>
    <ClInclude Include="..\4DyuchiGRX_common\typedef.h">
      <Filter>misc</Filter>
    </ClInclude>
    <ClInclude Include="CoGeometry.h">
      <Filter>GeometryManager</Filter>
    </ClInclude>
    <ClInclude Include="ModelRefManager.h">
      <Filter>GeometryManager</Filter>
    </ClInclude>
    <ClInclude Include="..\4DyuchiGRX_common\FileStorage_typedef.h">
      <Filter>COM Interface</Filter>
    </ClInclude>
    <ClInclude Include="..\4DyuchiGRX_common\IExecutive.h">
      <Filter>COM Interface</Filter>
    </ClInclude>
    <ClInclude Include="..\4DyuchiGRX_common\IExecutive_GUID.h">
      <Filter>COM Interface</Filter>
    </ClInclude>
    <ClInclude Include="..\4DyuchiGRX_common\IFileStorage.h">
      <Filter>COM Interface</Filter>
    </ClInclude>
    <ClInclude Include="..\4DyuchiGRX_common\IFileStorage_GUID.h">
      <Filter>COM Interface</Filter>
    </ClInclude>
    <ClInclude Include="..\4DyuchiGRX_common\IGeometry.h">
      <Filter>COM Interface</Filter>
    </ClInclude>
    <ClInclude Include="..\4DyuchiGRX_common\IGeometry_GUID.h">
      <Filter>COM Interface</Filter>
    </ClInclude>
    <ClInclude Include="..\4DyuchiGRX_common\IRenderer.h">
      <Filter>COM Interface</Filter>
    </ClInclude>
    <ClInclude Include="..\4DyuchiGRX_common\IRenderer_GUID.h">
      <Filter>COM Interface</Filter>
    </ClInclude>
    <ClInclude Include="SkyMesh.h">
      <Filter>SkyMesh</Filter>
    </ClInclude>
    <ClInclude Include="CoStaticModel.h">
      <Filter>base component\StaticModel</Filter>
    </ClInclude>
    <ClInclude Include="HeightField.h">
      <Filter>base component\HeightField</Filter>
    </ClInclude>
    <ClInclude Include="HFieldObject.h">
      <Filter>base component\HeightField</Filter>
    </ClInclude>
    <ClInclude Include="HFieldTools.h">
      <Filter>base component\HeightField</Filter>
    </ClInclude>
    <ClInclude Include="MeshQuadTree.h">
      <Filter>base component\HeightField</Filter>
    </ClInclude>
    <ClInclude Include="TileObject.h">
      <Filter>base component\HeightField</Filter>
    </ClInclude>
    <ClInclude Include="MOTION.H">
      <Filter>base component\motion</Filter>
    </ClInclude>
    <ClInclude Include="motion_obj.h">
      <Filter>base component\motion</Filter>
    </ClInclude>
    <ClInclude Include="model.h">
      <Filter>base component\model</Filter>
    </ClInclude>
    <ClInclude Include="MaterialLib.h">
      <Filter>base component\MaterialLib</Filter>
    </ClInclude>
    <ClInclude Include="CollisionMeshObjectTree.h">
      <Filter>base component\CollisionStaticModel</Filter>
    </ClInclude>
    <ClInclude Include="CollisionStaticModel.h">
      <Filter>base component\CollisionStaticModel</Filter>
    </ClInclude>
    <ClInclude Include="colmeshobj.h">
      <Filter>base component\CollisionStaticModel</Filter>
    </ClInclude>
    <ClInclude Include="SearchGrid.h">
      <Filter>base component\CollisionStaticModel</Filter>
    </ClInclude>
    <ClInclude Include="SearchGridTree.h">
      <Filter>base component\CollisionStaticModel</Filter>
    </ClInclude>
    <ClInclude Include="..\4DYUCHIGRX_MYSELF97\CheckClock.h">
      <Filter>base component\CollisionStaticModel\충돌</Filter>
    </ClInclude>
    <ClInclude Include="..\4DyuchiGRX_myself97\CollisionTest\CollisionTestMovingEllipsoidMeetTriangle.h">
      <Filter>base component\CollisionStaticModel\충돌</Filter>
    </ClInclude>
    <ClInclude Include="..\4DyuchiGRX_myself97\CollisionTest\CollisionTestMovingSphereMeetTriangle.h">
      <Filter>base component\CollisionStaticModel\충돌</Filter>
    </ClInclude>
    <ClInclude Include="..\4DyuchiGRX_myself97\Myself97Common.h">
      <Filter>base component\CollisionStaticModel\충돌</Filter>
    </ClInclude>
  </ItemGroup>
</Project>