Microsoft Visual Studio Solution File, Format Version 12.00
# Visual Studio 2012
Project("{8BC9CEB8-8B4A-11D0-8D11-00A0C91BC942}") = "LUNA", "..\[Client]LUNA\LUNA Client.vcxproj", "{11C374EF-B577-491C-9E45-A6DC10AE142D}"
EndProject
Project("{8BC9CEB8-8B4A-11D0-8D11-00A0C91BC942}") = "Launcher", "..\[Client]LUNALauncher\Launcher.vcxproj", "{49242084-4EE3-4310-92CB-865242348105}"
EndProject
Project("{8BC9CEB8-8B4A-11D0-8D11-00A0C91BC942}") = "PackingTool", "..\[Tool]PackingTool\PackingTool.vcxproj", "{09ABE509-9B23-4D2F-B2F3-F7B5A5CB953B}"
EndProject
Project("{8BC9CEB8-8B4A-11D0-8D11-00A0C91BC942}") = "RecoveryClient", "..\[Tool]Recovery\client\client.vcxproj", "{E9F89806-BDDD-42E1-913F-DD75A82EFA09}"
EndProject
Project("{8BC9CEB8-8B4A-11D0-8D11-00A0C91BC942}") = "Executer", "..\[Client]LogReporter\LogReporter.vcxproj", "{24FABB39-C984-4CB7-8F31-3651747DA5F9}"
EndProject
Project("{8BC9CEB8-8B4A-11D0-8D11-00A0C91BC942}") = "RegenTool", "..\[Tool]Regen\RegenTool.vcxproj", "{21623C51-70A0-4177-BF5C-7D7BB0E902F3}"
EndProject
Project("{8BC9CEB8-8B4A-11D0-8D11-00A0C91BC942}") = "MapEditor", "..\[Tool]MapEditor\4DyuchiGXMapEditor.vcxproj", "{1243A5BA-C9DD-4880-A3EC-F8DDCD1C7677}"
EndProject
Project("{8BC9CEB8-8B4A-11D0-8D11-00A0C91BC942}") = "PackExtract", "..\PackExtract\PackExtract.vcxproj", "{2D36CB54-3248-4C3E-860C-09588D171D00}"
EndProject
Global
	GlobalSection(SolutionConfigurationPlatforms) = preSolution
		Debug GM_TOOL|Win32 = Debug GM_TOOL|Win32
		Debug|Win32 = Debug|Win32
		Release GM_TOOL|Win32 = Release GM_TOOL|Win32
		Release|Win32 = Release|Win32
	EndGlobalSection
	GlobalSection(ProjectConfigurationPlatforms) = postSolution
		{11C374EF-B577-491C-9E45-A6DC10AE142D}.Debug GM_TOOL|Win32.ActiveCfg = Debug GM_TOOL|Win32
		{11C374EF-B577-491C-9E45-A6DC10AE142D}.Debug GM_TOOL|Win32.Build.0 = Debug GM_TOOL|Win32
		{11C374EF-B577-491C-9E45-A6DC10AE142D}.Debug|Win32.ActiveCfg = Debug|Win32
		{11C374EF-B577-491C-9E45-A6DC10AE142D}.Debug|Win32.Build.0 = Debug|Win32
		{11C374EF-B577-491C-9E45-A6DC10AE142D}.Release GM_TOOL|Win32.ActiveCfg = Release GM_TOOL|Win32
		{11C374EF-B577-491C-9E45-A6DC10AE142D}.Release GM_TOOL|Win32.Build.0 = Release GM_TOOL|Win32
		{11C374EF-B577-491C-9E45-A6DC10AE142D}.Release|Win32.ActiveCfg = Release|Win32
		{11C374EF-B577-491C-9E45-A6DC10AE142D}.Release|Win32.Build.0 = Release|Win32
		{49242084-4EE3-4310-92CB-865242348105}.Debug GM_TOOL|Win32.ActiveCfg = Debug|Win32
		{49242084-4EE3-4310-92CB-865242348105}.Debug GM_TOOL|Win32.Build.0 = Debug|Win32
		{49242084-4EE3-4310-92CB-865242348105}.Debug|Win32.ActiveCfg = Debug|Win32
		{49242084-4EE3-4310-92CB-865242348105}.Debug|Win32.Build.0 = Debug|Win32
		{49242084-4EE3-4310-92CB-865242348105}.Release GM_TOOL|Win32.ActiveCfg = Release|Win32
		{49242084-4EE3-4310-92CB-865242348105}.Release GM_TOOL|Win32.Build.0 = Release|Win32
		{49242084-4EE3-4310-92CB-865242348105}.Release|Win32.ActiveCfg = Release|Win32
		{49242084-4EE3-4310-92CB-865242348105}.Release|Win32.Build.0 = Release|Win32
		{09ABE509-9B23-4D2F-B2F3-F7B5A5CB953B}.Debug GM_TOOL|Win32.ActiveCfg = Debug|Win32
		{09ABE509-9B23-4D2F-B2F3-F7B5A5CB953B}.Debug GM_TOOL|Win32.Build.0 = Debug|Win32
		{09ABE509-9B23-4D2F-B2F3-F7B5A5CB953B}.Debug|Win32.ActiveCfg = Debug|Win32
		{09ABE509-9B23-4D2F-B2F3-F7B5A5CB953B}.Debug|Win32.Build.0 = Debug|Win32
		{09ABE509-9B23-4D2F-B2F3-F7B5A5CB953B}.Release GM_TOOL|Win32.ActiveCfg = Release|Win32
		{09ABE509-9B23-4D2F-B2F3-F7B5A5CB953B}.Release GM_TOOL|Win32.Build.0 = Release|Win32
		{09ABE509-9B23-4D2F-B2F3-F7B5A5CB953B}.Release|Win32.ActiveCfg = Release|Win32
		{09ABE509-9B23-4D2F-B2F3-F7B5A5CB953B}.Release|Win32.Build.0 = Release|Win32
		{E9F89806-BDDD-42E1-913F-DD75A82EFA09}.Debug GM_TOOL|Win32.ActiveCfg = Debug|Win32
		{E9F89806-BDDD-42E1-913F-DD75A82EFA09}.Debug GM_TOOL|Win32.Build.0 = Debug|Win32
		{E9F89806-BDDD-42E1-913F-DD75A82EFA09}.Debug|Win32.ActiveCfg = Debug|Win32
		{E9F89806-BDDD-42E1-913F-DD75A82EFA09}.Debug|Win32.Build.0 = Debug|Win32
		{E9F89806-BDDD-42E1-913F-DD75A82EFA09}.Release GM_TOOL|Win32.ActiveCfg = Release|Win32
		{E9F89806-BDDD-42E1-913F-DD75A82EFA09}.Release GM_TOOL|Win32.Build.0 = Release|Win32
		{E9F89806-BDDD-42E1-913F-DD75A82EFA09}.Release|Win32.ActiveCfg = Release|Win32
		{E9F89806-BDDD-42E1-913F-DD75A82EFA09}.Release|Win32.Build.0 = Release|Win32
		{24FABB39-C984-4CB7-8F31-3651747DA5F9}.Debug GM_TOOL|Win32.ActiveCfg = Debug|Win32
		{24FABB39-C984-4CB7-8F31-3651747DA5F9}.Debug GM_TOOL|Win32.Build.0 = Debug|Win32
		{24FABB39-C984-4CB7-8F31-3651747DA5F9}.Debug|Win32.ActiveCfg = Debug|Win32
		{24FABB39-C984-4CB7-8F31-3651747DA5F9}.Debug|Win32.Build.0 = Debug|Win32
		{24FABB39-C984-4CB7-8F31-3651747DA5F9}.Release GM_TOOL|Win32.ActiveCfg = Release|Win32
		{24FABB39-C984-4CB7-8F31-3651747DA5F9}.Release GM_TOOL|Win32.Build.0 = Release|Win32
		{24FABB39-C984-4CB7-8F31-3651747DA5F9}.Release|Win32.ActiveCfg = Release|Win32
		{24FABB39-C984-4CB7-8F31-3651747DA5F9}.Release|Win32.Build.0 = Release|Win32
		{21623C51-70A0-4177-BF5C-7D7BB0E902F3}.Debug GM_TOOL|Win32.ActiveCfg = Debug|Win32
		{21623C51-70A0-4177-BF5C-7D7BB0E902F3}.Debug GM_TOOL|Win32.Build.0 = Debug|Win32
		{21623C51-70A0-4177-BF5C-7D7BB0E902F3}.Debug|Win32.ActiveCfg = Debug|Win32
		{21623C51-70A0-4177-BF5C-7D7BB0E902F3}.Debug|Win32.Build.0 = Debug|Win32
		{21623C51-70A0-4177-BF5C-7D7BB0E902F3}.Release GM_TOOL|Win32.ActiveCfg = Release|Win32
		{21623C51-70A0-4177-BF5C-7D7BB0E902F3}.Release GM_TOOL|Win32.Build.0 = Release|Win32
		{21623C51-70A0-4177-BF5C-7D7BB0E902F3}.Release|Win32.ActiveCfg = Release|Win32
		{21623C51-70A0-4177-BF5C-7D7BB0E902F3}.Release|Win32.Build.0 = Release|Win32
		{1243A5BA-C9DD-4880-A3EC-F8DDCD1C7677}.Debug GM_TOOL|Win32.ActiveCfg = Debug|Win32
		{1243A5BA-C9DD-4880-A3EC-F8DDCD1C7677}.Debug GM_TOOL|Win32.Build.0 = Debug|Win32
		{1243A5BA-C9DD-4880-A3EC-F8DDCD1C7677}.Debug|Win32.ActiveCfg = Debug|Win32
		{1243A5BA-C9DD-4880-A3EC-F8DDCD1C7677}.Debug|Win32.Build.0 = Debug|Win32
		{1243A5BA-C9DD-4880-A3EC-F8DDCD1C7677}.Release GM_TOOL|Win32.ActiveCfg = Release|Win32
		{1243A5BA-C9DD-4880-A3EC-F8DDCD1C7677}.Release GM_TOOL|Win32.Build.0 = Release|Win32
		{1243A5BA-C9DD-4880-A3EC-F8DDCD1C7677}.Release|Win32.ActiveCfg = Release|Win32
		{1243A5BA-C9DD-4880-A3EC-F8DDCD1C7677}.Release|Win32.Build.0 = Release|Win32
		{2D36CB54-3248-4C3E-860C-09588D171D00}.Debug GM_TOOL|Win32.ActiveCfg = Debug|Win32
		{2D36CB54-3248-4C3E-860C-09588D171D00}.Debug GM_TOOL|Win32.Build.0 = Debug|Win32
		{2D36CB54-3248-4C3E-860C-09588D171D00}.Debug|Win32.ActiveCfg = Debug|Win32
		{2D36CB54-3248-4C3E-860C-09588D171D00}.Debug|Win32.Build.0 = Debug|Win32
		{2D36CB54-3248-4C3E-860C-09588D171D00}.Release GM_TOOL|Win32.ActiveCfg = Release|Win32
		{2D36CB54-3248-4C3E-860C-09588D171D00}.Release GM_TOOL|Win32.Build.0 = Release|Win32
		{2D36CB54-3248-4C3E-860C-09588D171D00}.Release|Win32.ActiveCfg = Release|Win32
		{2D36CB54-3248-4C3E-860C-09588D171D00}.Release|Win32.Build.0 = Release|Win32
	EndGlobalSection
	GlobalSection(SolutionProperties) = preSolution
		HideSolutionNode = FALSE
	EndGlobalSection
EndGlobal
